
Microsoft Visual Studio Solution File, Format Version 12.00
# Visual Studio Version 16
VisualStudioVersion = 25.0.1700.5
MinimumVisualStudioVersion = 10.0.40219.1
Project("{FAE04EC0-301F-11D3-BF4B-00C04F79EFBC}") = "WeatherForecastSystem", "WeatherForecastSystem\WeatherForecastSystem.csproj", "{DDFE246B-5843-4EDB-987F-2DB2D7D67939}"
EndProject
Project("{FAE04EC0-301F-11D3-BF4B-00C04F79EFBC}") = "WeatherForecastTests", "WeatherForecastTests\WeatherForecastTests.csproj", "{2D8E1112-4692-401E-B293-2AA6D6047CA9}"
EndProject
Global
	GlobalSection(SolutionConfigurationPlatforms) = preSolution
		Debug|Any CPU = Debug|Any CPU
		Release|Any CPU = Release|Any CPU
	EndGlobalSection
	GlobalSection(ProjectConfigurationPlatforms) = postSolution
		{DDFE246B-5843-4EDB-987F-2DB2D7D67939}.Debug|Any CPU.ActiveCfg = Debug|Any CPU
		{DDFE246B-5843-4EDB-987F-2DB2D7D67939}.Debug|Any CPU.Build.0 = Debug|Any CPU
		{DDFE246B-5843-4EDB-987F-2DB2D7D67939}.Release|Any CPU.ActiveCfg = Release|Any CPU
		{DDFE246B-5843-4EDB-987F-2DB2D7D67939}.Release|Any CPU.Build.0 = Release|Any CPU
		{2D8E1112-4692-401E-B293-2AA6D6047CA9}.Debug|Any CPU.ActiveCfg = Debug|Any CPU
		{2D8E1112-4692-401E-B293-2AA6D6047CA9}.Debug|Any CPU.Build.0 = Debug|Any CPU
		{2D8E1112-4692-401E-B293-2AA6D6047CA9}.Release|Any CPU.ActiveCfg = Release|Any CPU
		{2D8E1112-4692-401E-B293-2AA6D6047CA9}.Release|Any CPU.Build.0 = Release|Any CPU
	EndGlobalSection
	GlobalSection(SolutionProperties) = preSolution
		HideSolutionNode = FALSE
	EndGlobalSection
	GlobalSection(ExtensibilityGlobals) = postSolution
		SolutionGuid = {B2A79B6E-A974-4EDB-A053-BFCD417D65B7}
	EndGlobalSection
EndGlobal
